
Microsoft Visual Studio Solution File, Format Version 12.00
# Visual Studio 15
VisualStudioVersion = 15.0.26124.0
MinimumVisualStudioVersion = 15.0.26124.0
Project("{FAE04EC0-301F-11D3-BF4B-00C04F79EFBC}") = "rpn-calc", "src\rpn-calc.csproj", "{32C151AF-787C-4E0B-B56C-2ED24575AB02}"
EndProject
Project("{FAE04EC0-301F-11D3-BF4B-00C04F79EFBC}") = "rpn-calc-test", "test\rpn-calc-test.csproj", "{31B2B423-D32D-4F47-A4E9-5D4C43DE0656}"
EndProject
Global
	GlobalSection(SolutionConfigurationPlatforms) = preSolution
		Debug|Any CPU = Debug|Any CPU
		Debug|x64 = Debug|x64
		Debug|x86 = Debug|x86
		Release|Any CPU = Release|Any CPU
		Release|x64 = Release|x64
		Release|x86 = Release|x86
	EndGlobalSection
	GlobalSection(SolutionProperties) = preSolution
		HideSolutionNode = FALSE
	EndGlobalSection
	GlobalSection(ProjectConfigurationPlatforms) = postSolution
		{32C151AF-787C-4E0B-B56C-2ED24575AB02}.Debug|Any CPU.ActiveCfg = Debug|Any CPU
		{32C151AF-787C-4E0B-B56C-2ED24575AB02}.Debug|Any CPU.Build.0 = Debug|Any CPU
		{32C151AF-787C-4E0B-B56C-2ED24575AB02}.Debug|x64.ActiveCfg = Debug|Any CPU
		{32C151AF-787C-4E0B-B56C-2ED24575AB02}.Debug|x64.Build.0 = Debug|Any CPU
		{32C151AF-787C-4E0B-B56C-2ED24575AB02}.Debug|x86.ActiveCfg = Debug|Any CPU
		{32C151AF-787C-4E0B-B56C-2ED24575AB02}.Debug|x86.Build.0 = Debug|Any CPU
		{32C151AF-787C-4E0B-B56C-2ED24575AB02}.Release|Any CPU.ActiveCfg = Release|Any CPU
		{32C151AF-787C-4E0B-B56C-2ED24575AB02}.Release|Any CPU.Build.0 = Release|Any CPU
		{32C151AF-787C-4E0B-B56C-2ED24575AB02}.Release|x64.ActiveCfg = Release|Any CPU
		{32C151AF-787C-4E0B-B56C-2ED24575AB02}.Release|x64.Build.0 = Release|Any CPU
		{32C151AF-787C-4E0B-B56C-2ED24575AB02}.Release|x86.ActiveCfg = Release|Any CPU
		{32C151AF-787C-4E0B-B56C-2ED24575AB02}.Release|x86.Build.0 = Release|Any CPU
		{31B2B423-D32D-4F47-A4E9-5D4C43DE0656}.Debug|Any CPU.ActiveCfg = Debug|Any CPU
		{31B2B423-D32D-4F47-A4E9-5D4C43DE0656}.Debug|Any CPU.Build.0 = Debug|Any CPU
		{31B2B423-D32D-4F47-A4E9-5D4C43DE0656}.Debug|x64.ActiveCfg = Debug|Any CPU
		{31B2B423-D32D-4F47-A4E9-5D4C43DE0656}.Debug|x64.Build.0 = Debug|Any CPU
		{31B2B423-D32D-4F47-A4E9-5D4C43DE0656}.Debug|x86.ActiveCfg = Debug|Any CPU
		{31B2B423-D32D-4F47-A4E9-5D4C43DE0656}.Debug|x86.Build.0 = Debug|Any CPU
		{31B2B423-D32D-4F47-A4E9-5D4C43DE0656}.Release|Any CPU.ActiveCfg = Release|Any CPU
		{31B2B423-D32D-4F47-A4E9-5D4C43DE0656}.Release|Any CPU.Build.0 = Release|Any CPU
		{31B2B423-D32D-4F47-A4E9-5D4C43DE0656}.Release|x64.ActiveCfg = Release|Any CPU
		{31B2B423-D32D-4F47-A4E9-5D4C43DE0656}.Release|x64.Build.0 = Release|Any CPU
		{31B2B423-D32D-4F47-A4E9-5D4C43DE0656}.Release|x86.ActiveCfg = Release|Any CPU
		{31B2B423-D32D-4F47-A4E9-5D4C43DE0656}.Release|x86.Build.0 = Release|Any CPU
	EndGlobalSection
EndGlobal
